{
  "name": "tauron-g13",
  "version": "1.0.0",
  "lockfileVersion": 3,
  "requires": true,
  "packages": {
    "": {
      "name": "tauron-g13",
      "version": "1.0.0",
      "devDependencies": {
        "@types/scriptable-ios": "1.7.8",
        "prettier": "3.8.1"
      }
    },
    "node_modules/@types/scriptable-ios": {
      "version": "1.7.8",
      "resolved": "https://registry.npmjs.org/@types/scriptable-ios/-/scriptable-ios-1.7.8.tgz",
      "integrity": "sha512-bPrNvdcZ/slH/rhdIlLfzXEug1pm3JHApcVuet7UchvHGFHZ8mWzfnuTB7wJKLq+eeC4gZ4QgHDKYJxrwkHOgw==",
      "dev": true,
      "license": "MIT"
    },
    "node_modules/prettier": {
      "version": "3.8.1",
      "resolved": "https://registry.npmjs.org/prettier/-/prettier-3.8.1.tgz",
      "integrity": "sha512-UOnG6LftzbdaHZcKoPFtOcCKztrQ57WkHDeRD9t/PTQtmT0NHSeWWepj6pS0z/N7+08BHFDQVUrfmfMRcZwbMg==",
      "dev": true,
      "license": "MIT",
      "bin": {
        "prettier": "bin/prettier.cjs"
      },
      "engines": {
        "node": ">=14"
      },
      "funding": {
        "url": "https://github.com/prettier/prettier?sponsor=1"
      }
    }
  }
}
